
Microsoft Visual Studio Solution File, Format Version 12.00
# Visual Studio Version 17
VisualStudioVersion = 17.14.36717.8 d17.14
MinimumVisualStudioVersion = 10.0.40219.1
Project("{FAE04EC0-301F-11D3-BF4B-00C04F79EFBC}") = "MVVM", "MVVM\MVVM.csproj", "{38E314A5-00A5-402D-8825-9D714E126778}"
EndProject
Global
	GlobalSection(SolutionConfigurationPlatforms) = preSolution
		Debug|Any CPU = Debug|Any CPU
		Release|Any CPU = Release|Any CPU
	EndGlobalSection
	GlobalSection(ProjectConfigurationPlatforms) = postSolution
		{38E314A5-00A5-402D-8825-9D714E126778}.Debug|Any CPU.ActiveCfg = Debug|Any CPU
		{38E314A5-00A5-402D-8825-9D714E126778}.Debug|Any CPU.Build.0 = Debug|Any CPU
		{38E314A5-00A5-402D-8825-9D714E126778}.Release|Any CPU.ActiveCfg = Release|Any CPU
		{38E314A5-00A5-402D-8825-9D714E126778}.Release|Any CPU.Build.0 = Release|Any CPU
	EndGlobalSection
	GlobalSection(SolutionProperties) = preSolution
		HideSolutionNode = FALSE
	EndGlobalSection
	GlobalSection(ExtensibilityGlobals) = postSolution
		SolutionGuid = {5BE53C37-7A9E-45B7-8A9C-8BA55A16034C}
	EndGlobalSection
EndGlobal
